<?xml version="1.0" encoding="utf-8"?>
<Project ToolsVersion="4.0" xmlns="http://schemas.microsoft.com/developer/msbuild/2003">
  <ItemGroup>
    <Filter Include="Source Files">
      <UniqueIdentifier>{4FC737F1-C7A5-4376-A066-2A32D752A2FF}</UniqueIdentifier>
      <Extensions>cpp;c;cc;cxx;def;odl;idl;hpj;bat;asm;asmx</Extensions>
    </Filter>
    <Filter Include="Header Files">
      <UniqueIdentifier>{93995380-89BD-4b04-88EB-625FBE52EBFB}</UniqueIdentifier>
      <Extensions>h;hh;hpp;hxx;hm;inl;inc;ipp;xsd</Extensions>
    </Filter>
    <Filter Include="Resource Files">
      <UniqueIdentifier>{67DA6AB6-F800-4c08-8B7A-83BB121AAD01}</UniqueIdentifier>
      <Extensions>rc;ico;cur;bmp;dlg;rc2;rct;bin;rgs;gif;jpg;jpeg;jpe;resx;tiff;tif;png;wav;mfcribbon-ms</Extensions>
    </Filter>
  </ItemGroup>
  <ItemGroup>
    <ClInclude Include="iChair.h">
      <Filter>Header Files</Filter>
    </ClInclude>
    <ClInclude Include="iSofa.h">
      <Filter>Header Files</Filter>
    </ClInclude>
    <ClInclude Include="iCoffeeTable.h">
      <Filter>Header Files</Filter>
    </ClInclude>
    <ClInclude Include="vintageChair.h">
      <Filter>Source Files</Filter>
    </ClInclude>
    <ClInclude Include="vintageSofa.h">
      <Filter>Source Files</Filter>
    </ClInclude>
    <ClInclude Include="modernChair.h">
      <Filter>Source Files</Filter>
    </ClInclude>
    <ClInclude Include="modernCoffeeTable.h">
      <Filter>Source Files</Filter>
    </ClInclude>
    <ClInclude Include="modernSofa.h">
      <Filter>Source Files</Filter>
    </ClInclude>
    <ClInclude Include="vintageCoffeeTable.h">
      <Filter>Source Files</Filter>
    </ClInclude>
    <ClInclude Include="iFurnitureFactory.h">
      <Filter>Header Files</Filter>
    </ClInclude>
    <ClInclude Include="vintageFurnitureFactory.h">
      <Filter>Header Files</Filter>
    </ClInclude>
    <ClInclude Include="modernFurnitureFactory.h">
      <Filter>Header Files</Filter>
    </ClInclude>
  </ItemGroup>
  <ItemGroup>
    <ClCompile Include="vintageChair.cpp">
      <Filter>Source Files</Filter>
    </ClCompile>
    <ClCompile Include="vintageSofa.cpp">
      <Filter>Source Files</Filter>
    </ClCompile>
    <ClCompile Include="vintageCoffeeTable.cpp">
      <Filter>Source Files</Filter>
    </ClCompile>
    <ClCompile Include="modernSofa.cpp">
      <Filter>Source Files</Filter>
    </ClCompile>
    <ClCompile Include="modernChair.cpp">
      <Filter>Source Files</Filter>
    </ClCompile>
    <ClCompile Include="modernCoffeeTable.cpp">
      <Filter>Source Files</Filter>
    </ClCompile>
    <ClCompile Include="vintageFurnitureFactory.cpp">
      <Filter>Source Files</Filter>
    </ClCompile>
    <ClCompile Include="modernFurnitureFactory.cpp">
      <Filter>Source Files</Filter>
    </ClCompile>
  </ItemGroup>
</Project>